
Microsoft Visual Studio Solution File, Format Version 12.00
# Visual Studio Version 16
VisualStudioVersion = 16.0.31205.134
MinimumVisualStudioVersion = 10.0.40219.1
Project("{FAE04EC0-301F-11D3-BF4B-00C04F79EFBC}") = "Kamerasovellus", "Kamerasovellus\Kamerasovellus.csproj", "{18C5E9AC-4D56-4A7C-A22A-94F0DFB3BADA}"
EndProject
Global
	GlobalSection(SolutionConfigurationPlatforms) = preSolution
		Debug|Any CPU = Debug|Any CPU
		Release|Any CPU = Release|Any CPU
	EndGlobalSection
	GlobalSection(ProjectConfigurationPlatforms) = postSolution
		{18C5E9AC-4D56-4A7C-A22A-94F0DFB3BADA}.Debug|Any CPU.ActiveCfg = Debug|Any CPU
		{18C5E9AC-4D56-4A7C-A22A-94F0DFB3BADA}.Debug|Any CPU.Build.0 = Debug|Any CPU
		{18C5E9AC-4D56-4A7C-A22A-94F0DFB3BADA}.Release|Any CPU.ActiveCfg = Release|Any CPU
		{18C5E9AC-4D56-4A7C-A22A-94F0DFB3BADA}.Release|Any CPU.Build.0 = Release|Any CPU
	EndGlobalSection
	GlobalSection(SolutionProperties) = preSolution
		HideSolutionNode = FALSE
	EndGlobalSection
	GlobalSection(ExtensibilityGlobals) = postSolution
		SolutionGuid = {676903F7-F529-4FF6-AB69-CBFE42F20362}
	EndGlobalSection
EndGlobal
